// !$*UTF8*$!
{
	archiveVersion = 1;
	classes = {
	};
	objectVersion = 50;
	objects = {

/* Begin PBXBuildFile section */
		59F1F22D06F8B076550DD834 /* libPods-SpiderChase.a in Frameworks */ = {isa = PBXBuildFile; fileRef = BA4B090B9C9DCC2A2E8F6EED /* libPods-SpiderChase.a */; };
		FD7291F920D23DD800E0253F /* libboost_filesystem.a in Frameworks */ = {isa = PBXBuildFile; fileRef = FD7291F720D23DD700E0253F /* libboost_filesystem.a */; };
		FD7291FA20D23DD800E0253F /* libboost_system.a in Frameworks */ = {isa = PBXBuildFile; fileRef = FD7291F820D23DD700E0253F /* libboost_system.a */; };
		FD72920320D24FC000E0253F /* libzlibstatic.a in Frameworks */ = {isa = PBXBuildFile; fileRef = FD72920120D24FC000E0253F /* libzlibstatic.a */; };
		FD72920420D24FC000E0253F /* libassimp.a in Frameworks */ = {isa = PBXBuildFile; fileRef = FD72920220D24FC000E0253F /* libassimp.a */; };
		FD72920920D2501400E0253F /* pakiostream.cpp in Sources */ = {isa = PBXBuildFile; fileRef = FD72920620D2501400E0253F /* pakiostream.cpp */; };
		FD72920A20D2501400E0253F /* pakiosystem.cpp in Sources */ = {isa = PBXBuildFile; fileRef = FD72920720D2501400E0253F /* pakiosystem.cpp */; };
		FD72920C20D251FF00E0253F /* libIrrXML.a in Frameworks */ = {isa = PBXBuildFile; fileRef = FD72920B20D251FF00E0253F /* libIrrXML.a */; };
		FD72921620D253CF00E0253F /* firstpersoncamera.cpp in Sources */ = {isa = PBXBuildFile; fileRef = FD72920D20D253CE00E0253F /* firstpersoncamera.cpp */; };
		FD72921720D253CF00E0253F /* material.cpp in Sources */ = {isa = PBXBuildFile; fileRef = FD72920F20D253CE00E0253F /* material.cpp */; };
		FD72921820D253CF00E0253F /* texture.cpp in Sources */ = {isa = PBXBuildFile; fileRef = FD72921320D253CE00E0253F /* texture.cpp */; };
		FD72921920D253CF00E0253F /* mesh.cpp in Sources */ = {isa = PBXBuildFile; fileRef = FD72921520D253CF00E0253F /* mesh.cpp */; };
		FD72922120D2562200E0253F /* scene.cpp in Sources */ = {isa = PBXBuildFile; fileRef = FD72921F20D2562200E0253F /* scene.cpp */; };
		FD72922220D2562200E0253F /* game.cpp in Sources */ = {isa = PBXBuildFile; fileRef = FD72922020D2562200E0253F /* game.cpp */; };
		FD72922520D2591300E0253F /* input.cpp in Sources */ = {isa = PBXBuildFile; fileRef = FD72922320D2591200E0253F /* input.cpp */; };
		FD72922A20D25C1900E0253F /* Platform.mm in Sources */ = {isa = PBXBuildFile; fileRef = FD72922920D25C1900E0253F /* Platform.mm */; };
		FD72922D20D2650500E0253F /* StartScene.cpp in Sources */ = {isa = PBXBuildFile; fileRef = FD72922B20D2650500E0253F /* StartScene.cpp */; };
		FDE1795020CF9C830056EAE0 /* AppDelegate.mm in Sources */ = {isa = PBXBuildFile; fileRef = FDE1794F20CF9C830056EAE0 /* AppDelegate.mm */; };
		FDE1795320CF9C830056EAE0 /* ViewController.mm in Sources */ = {isa = PBXBuildFile; fileRef = FDE1795220CF9C830056EAE0 /* ViewController.mm */; };
		FDE1795820CF9C850056EAE0 /* Assets.xcassets in Resources */ = {isa = PBXBuildFile; fileRef = FDE1795720CF9C850056EAE0 /* Assets.xcassets */; };
		FDE1795E20CF9C850056EAE0 /* main.m in Sources */ = {isa = PBXBuildFile; fileRef = FDE1795D20CF9C850056EAE0 /* main.m */; };
		FDE1796620CF9CD10056EAE0 /* OpenGLES.framework in Frameworks */ = {isa = PBXBuildFile; fileRef = FDE1796520CF9CD10056EAE0 /* OpenGLES.framework */; };
		FDE1796820CF9CE20056EAE0 /* QuartzCore.framework in Frameworks */ = {isa = PBXBuildFile; fileRef = FDE1796720CF9CE20056EAE0 /* QuartzCore.framework */; };
		FDE1797720CFA4130056EAE0 /* OpenGLView.mm in Sources */ = {isa = PBXBuildFile; fileRef = FDE1797620CFA4130056EAE0 /* OpenGLView.mm */; };
		FDE1799C20CFAAF90056EAE0 /* Main.storyboard in Resources */ = {isa = PBXBuildFile; fileRef = FDE1799A20CFAAF90056EAE0 /* Main.storyboard */; };
		FDE1799D20CFAAF90056EAE0 /* LaunchScreen.storyboard in Resources */ = {isa = PBXBuildFile; fileRef = FDE1799B20CFAAF90056EAE0 /* LaunchScreen.storyboard */; };
		FDE17A0F20D146B90056EAE0 /* stdafx.cpp in Sources */ = {isa = PBXBuildFile; fileRef = FDE17A0D20D146B90056EAE0 /* stdafx.cpp */; };
		FDE17A1220D147D20056EAE0 /* pak.cpp in Sources */ = {isa = PBXBuildFile; fileRef = FDE17A1120D147D20056EAE0 /* pak.cpp */; };
/* End PBXBuildFile section */

/* Begin PBXFileReference section */
		7D9CFA7A7D6DE403370B1FFF /* Pods-SpiderChase.release.xcconfig */ = {isa = PBXFileReference; includeInIndex = 1; lastKnownFileType = text.xcconfig; name = "Pods-SpiderChase.release.xcconfig"; path = "../Pods/Target Support Files/Pods-SpiderChase/Pods-SpiderChase.release.xcconfig"; sourceTree = "<group>"; };
		BA4B090B9C9DCC2A2E8F6EED /* libPods-SpiderChase.a */ = {isa = PBXFileReference; explicitFileType = archive.ar; includeInIndex = 0; path = "libPods-SpiderChase.a"; sourceTree = BUILT_PRODUCTS_DIR; };
		FD7291F720D23DD700E0253F /* libboost_filesystem.a */ = {isa = PBXFileReference; lastKnownFileType = archive.ar; name = libboost_filesystem.a; path = ../SDK/Boost/arm64/libboost_filesystem.a; sourceTree = "<group>"; };
		FD7291F820D23DD700E0253F /* libboost_system.a */ = {isa = PBXFileReference; lastKnownFileType = archive.ar; name = libboost_system.a; path = ../SDK/Boost/arm64/libboost_system.a; sourceTree = "<group>"; };
		FD72920120D24FC000E0253F /* libzlibstatic.a */ = {isa = PBXFileReference; lastKnownFileType = archive.ar; name = libzlibstatic.a; path = ../Assimp/iOS/lib/libzlibstatic.a; sourceTree = "<group>"; };
		FD72920220D24FC000E0253F /* libassimp.a */ = {isa = PBXFileReference; lastKnownFileType = archive.ar; name = libassimp.a; path = ../Assimp/iOS/lib/libassimp.a; sourceTree = "<group>"; };
		FD72920520D2501300E0253F /* pakiostream.hpp */ = {isa = PBXFileReference; fileEncoding = 4; lastKnownFileType = sourcecode.cpp.h; path = pakiostream.hpp; sourceTree = "<group>"; };
		FD72920620D2501400E0253F /* pakiostream.cpp */ = {isa = PBXFileReference; fileEncoding = 4; lastKnownFileType = sourcecode.cpp.cpp; path = pakiostream.cpp; sourceTree = "<group>"; };
		FD72920720D2501400E0253F /* pakiosystem.cpp */ = {isa = PBXFileReference; fileEncoding = 4; lastKnownFileType = sourcecode.cpp.cpp; path = pakiosystem.cpp; sourceTree = "<group>"; };
		FD72920820D2501400E0253F /* pakiosystem.hpp */ = {isa = PBXFileReference; fileEncoding = 4; lastKnownFileType = sourcecode.cpp.h; path = pakiosystem.hpp; sourceTree = "<group>"; };
		FD72920B20D251FF00E0253F /* libIrrXML.a */ = {isa = PBXFileReference; lastKnownFileType = archive.ar; name = libIrrXML.a; path = ../Assimp/iOS/lib/libIrrXML.a; sourceTree = "<group>"; };
		FD72920D20D253CE00E0253F /* firstpersoncamera.cpp */ = {isa = PBXFileReference; fileEncoding = 4; lastKnownFileType = sourcecode.cpp.cpp; path = firstpersoncamera.cpp; sourceTree = "<group>"; };
		FD72920E20D253CE00E0253F /* mesh.hpp */ = {isa = PBXFileReference; fileEncoding = 4; lastKnownFileType = sourcecode.cpp.h; path = mesh.hpp; sourceTree = "<group>"; };
		FD72920F20D253CE00E0253F /* material.cpp */ = {isa = PBXFileReference; fileEncoding = 4; lastKnownFileType = sourcecode.cpp.cpp; path = material.cpp; sourceTree = "<group>"; };
		FD72921020D253CE00E0253F /* material.hpp */ = {isa = PBXFileReference; fileEncoding = 4; lastKnownFileType = sourcecode.cpp.h; path = material.hpp; sourceTree = "<group>"; };
		FD72921120D253CE00E0253F /* texture.hpp */ = {isa = PBXFileReference; fileEncoding = 4; lastKnownFileType = sourcecode.cpp.h; path = texture.hpp; sourceTree = "<group>"; };
		FD72921220D253CE00E0253F /* firstpersoncamera.hpp */ = {isa = PBXFileReference; fileEncoding = 4; lastKnownFileType = sourcecode.cpp.h; path = firstpersoncamera.hpp; sourceTree = "<group>"; };
		FD72921320D253CE00E0253F /* texture.cpp */ = {isa = PBXFileReference; fileEncoding = 4; lastKnownFileType = sourcecode.cpp.cpp; path = texture.cpp; sourceTree = "<group>"; };
		FD72921420D253CF00E0253F /* flagsenum.hpp */ = {isa = PBXFileReference; fileEncoding = 4; lastKnownFileType = sourcecode.cpp.h; path = flagsenum.hpp; sourceTree = "<group>"; };
		FD72921520D253CF00E0253F /* mesh.cpp */ = {isa = PBXFileReference; fileEncoding = 4; lastKnownFileType = sourcecode.cpp.cpp; path = mesh.cpp; sourceTree = "<group>"; };
		FD72921D20D2562100E0253F /* scene.hpp */ = {isa = PBXFileReference; fileEncoding = 4; lastKnownFileType = sourcecode.cpp.h; path = scene.hpp; sourceTree = "<group>"; };
		FD72921E20D2562200E0253F /* game.hpp */ = {isa = PBXFileReference; fileEncoding = 4; lastKnownFileType = sourcecode.cpp.h; path = game.hpp; sourceTree = "<group>"; };
		FD72921F20D2562200E0253F /* scene.cpp */ = {isa = PBXFileReference; fileEncoding = 4; lastKnownFileType = sourcecode.cpp.cpp; path = scene.cpp; sourceTree = "<group>"; };
		FD72922020D2562200E0253F /* game.cpp */ = {isa = PBXFileReference; fileEncoding = 4; lastKnownFileType = sourcecode.cpp.cpp; path = game.cpp; sourceTree = "<group>"; };
		FD72922320D2591200E0253F /* input.cpp */ = {isa = PBXFileReference; fileEncoding = 4; lastKnownFileType = sourcecode.cpp.cpp; path = input.cpp; sourceTree = "<group>"; };
		FD72922420D2591200E0253F /* input.hpp */ = {isa = PBXFileReference; fileEncoding = 4; lastKnownFileType = sourcecode.cpp.h; path = input.hpp; sourceTree = "<group>"; };
		FD72922820D25C1900E0253F /* Platform.hpp */ = {isa = PBXFileReference; lastKnownFileType = sourcecode.cpp.h; path = Platform.hpp; sourceTree = "<group>"; };
		FD72922920D25C1900E0253F /* Platform.mm */ = {isa = PBXFileReference; lastKnownFileType = sourcecode.cpp.objcpp; path = Platform.mm; sourceTree = "<group>"; };
		FD72922B20D2650500E0253F /* StartScene.cpp */ = {isa = PBXFileReference; fileEncoding = 4; lastKnownFileType = sourcecode.cpp.cpp; path = StartScene.cpp; sourceTree = "<group>"; };
		FD72922C20D2650500E0253F /* StartScene.hpp */ = {isa = PBXFileReference; fileEncoding = 4; lastKnownFileType = sourcecode.cpp.h; path = StartScene.hpp; sourceTree = "<group>"; };
		FD72923020D2668600E0253F /* start.frag */ = {isa = PBXFileReference; fileEncoding = 4; lastKnownFileType = sourcecode.glsl; path = start.frag; sourceTree = "<group>"; };
		FD72923120D2668700E0253F /* start.vert */ = {isa = PBXFileReference; fileEncoding = 4; lastKnownFileType = sourcecode.glsl; path = start.vert; sourceTree = "<group>"; };
		FD72923220D2668700E0253F /* start.program */ = {isa = PBXFileReference; fileEncoding = 4; lastKnownFileType = text; path = start.program; sourceTree = "<group>"; };
		FD72923820D2727100E0253F /* start.paklist */ = {isa = PBXFileReference; fileEncoding = 4; lastKnownFileType = text; path = start.paklist; sourceTree = "<group>"; };
		FDE1794B20CF9C830056EAE0 /* SpiderChase.app */ = {isa = PBXFileReference; explicitFileType = wrapper.application; includeInIndex = 0; path = SpiderChase.app; sourceTree = BUILT_PRODUCTS_DIR; };
		FDE1794E20CF9C830056EAE0 /* AppDelegate.h */ = {isa = PBXFileReference; lastKnownFileType = sourcecode.c.h; path = AppDelegate.h; sourceTree = "<group>"; };
		FDE1794F20CF9C830056EAE0 /* AppDelegate.mm */ = {isa = PBXFileReference; lastKnownFileType = sourcecode.cpp.objcpp; path = AppDelegate.mm; sourceTree = "<group>"; };
		FDE1795120CF9C830056EAE0 /* ViewController.hpp */ = {isa = PBXFileReference; lastKnownFileType = sourcecode.cpp.h; path = ViewController.hpp; sourceTree = "<group>"; };
		FDE1795220CF9C830056EAE0 /* ViewController.mm */ = {isa = PBXFileReference; lastKnownFileType = sourcecode.cpp.objcpp; path = ViewController.mm; sourceTree = "<group>"; };
		FDE1795720CF9C850056EAE0 /* Assets.xcassets */ = {isa = PBXFileReference; lastKnownFileType = folder.assetcatalog; path = Assets.xcassets; sourceTree = "<group>"; };
		FDE1795C20CF9C850056EAE0 /* Info.plist */ = {isa = PBXFileReference; lastKnownFileType = text.plist.xml; path = Info.plist; sourceTree = "<group>"; };
		FDE1795D20CF9C850056EAE0 /* main.m */ = {isa = PBXFileReference; lastKnownFileType = sourcecode.c.objc; path = main.m; sourceTree = "<group>"; };
		FDE1796520CF9CD10056EAE0 /* OpenGLES.framework */ = {isa = PBXFileReference; lastKnownFileType = wrapper.framework; name = OpenGLES.framework; path = System/Library/Frameworks/OpenGLES.framework; sourceTree = SDKROOT; };
		FDE1796720CF9CE20056EAE0 /* QuartzCore.framework */ = {isa = PBXFileReference; lastKnownFileType = wrapper.framework; name = QuartzCore.framework; path = System/Library/Frameworks/QuartzCore.framework; sourceTree = SDKROOT; };
		FDE1797520CFA4130056EAE0 /* OpenGLView.hpp */ = {isa = PBXFileReference; lastKnownFileType = sourcecode.cpp.h; path = OpenGLView.hpp; sourceTree = "<group>"; };
		FDE1797620CFA4130056EAE0 /* OpenGLView.mm */ = {isa = PBXFileReference; lastKnownFileType = sourcecode.cpp.objcpp; path = OpenGLView.mm; sourceTree = "<group>"; };
		FDE1799A20CFAAF90056EAE0 /* Main.storyboard */ = {isa = PBXFileReference; fileEncoding = 4; lastKnownFileType = file.storyboard; path = Main.storyboard; sourceTree = "<group>"; };
		FDE1799B20CFAAF90056EAE0 /* LaunchScreen.storyboard */ = {isa = PBXFileReference; fileEncoding = 4; lastKnownFileType = file.storyboard; path = LaunchScreen.storyboard; sourceTree = "<group>"; };
		FDE17A0D20D146B90056EAE0 /* stdafx.cpp */ = {isa = PBXFileReference; fileEncoding = 4; lastKnownFileType = sourcecode.cpp.cpp; path = stdafx.cpp; sourceTree = "<group>"; };
		FDE17A0E20D146B90056EAE0 /* stdafx.h */ = {isa = PBXFileReference; fileEncoding = 4; lastKnownFileType = sourcecode.c.h; path = stdafx.h; sourceTree = "<group>"; };
		FDE17A1020D147D20056EAE0 /* pak.hpp */ = {isa = PBXFileReference; fileEncoding = 4; lastKnownFileType = sourcecode.cpp.h; path = pak.hpp; sourceTree = "<group>"; };
		FDE17A1120D147D20056EAE0 /* pak.cpp */ = {isa = PBXFileReference; fileEncoding = 4; lastKnownFileType = sourcecode.cpp.cpp; path = pak.cpp; sourceTree = "<group>"; };
		FF1449866298AE0BD6142696 /* Pods-SpiderChase.debug.xcconfig */ = {isa = PBXFileReference; includeInIndex = 1; lastKnownFileType = text.xcconfig; name = "Pods-SpiderChase.debug.xcconfig"; path = "../Pods/Target Support Files/Pods-SpiderChase/Pods-SpiderChase.debug.xcconfig"; sourceTree = "<group>"; };
/* End PBXFileReference section */

/* Begin PBXFrameworksBuildPhase section */
		FDE1794820CF9C830056EAE0 /* Frameworks */ = {
			isa = PBXFrameworksBuildPhase;
			buildActionMask = 2147483647;
			files = (
				FD72920C20D251FF00E0253F /* libIrrXML.a in Frameworks */,
				FD72920320D24FC000E0253F /* libzlibstatic.a in Frameworks */,
				FD72920420D24FC000E0253F /* libassimp.a in Frameworks */,
				FD7291F920D23DD800E0253F /* libboost_filesystem.a in Frameworks */,
				FD7291FA20D23DD800E0253F /* libboost_system.a in Frameworks */,
				FDE1796820CF9CE20056EAE0 /* QuartzCore.framework in Frameworks */,
				FDE1796620CF9CD10056EAE0 /* OpenGLES.framework in Frameworks */,
				59F1F22D06F8B076550DD834 /* libPods-SpiderChase.a in Frameworks */,
			);
			runOnlyForDeploymentPostprocessing = 0;
		};
/* End PBXFrameworksBuildPhase section */

/* Begin PBXGroup section */
		4DE1C44D9B62EA3EE95462B2 /* Pods */ = {
			isa = PBXGroup;
			children = (
				FF1449866298AE0BD6142696 /* Pods-SpiderChase.debug.xcconfig */,
				7D9CFA7A7D6DE403370B1FFF /* Pods-SpiderChase.release.xcconfig */,
			);
			name = Pods;
			sourceTree = "<group>";
		};
		FDE1794220CF9C830056EAE0 = {
			isa = PBXGroup;
			children = (
				FDE1799F20CFAB450056EAE0 /* SpiderChase */,
				FDE1794C20CF9C830056EAE0 /* Products */,
				FDE1796420CF9CD10056EAE0 /* Frameworks */,
				4DE1C44D9B62EA3EE95462B2 /* Pods */,
			);
			sourceTree = "<group>";
		};
		FDE1794C20CF9C830056EAE0 /* Products */ = {
			isa = PBXGroup;
			children = (
				FDE1794B20CF9C830056EAE0 /* SpiderChase.app */,
			);
			name = Products;
			sourceTree = "<group>";
		};
		FDE1796420CF9CD10056EAE0 /* Frameworks */ = {
			isa = PBXGroup;
			children = (
				FD72920B20D251FF00E0253F /* libIrrXML.a */,
				FD72920220D24FC000E0253F /* libassimp.a */,
				FD72920120D24FC000E0253F /* libzlibstatic.a */,
				FD7291F720D23DD700E0253F /* libboost_filesystem.a */,
				FD7291F820D23DD700E0253F /* libboost_system.a */,
				FDE1796720CF9CE20056EAE0 /* QuartzCore.framework */,
				FDE1796520CF9CD10056EAE0 /* OpenGLES.framework */,
				BA4B090B9C9DCC2A2E8F6EED /* libPods-SpiderChase.a */,
			);
			name = Frameworks;
			sourceTree = "<group>";
		};
		FDE1799F20CFAB450056EAE0 /* SpiderChase */ = {
			isa = PBXGroup;
			children = (
				FDE179A120CFABE40056EAE0 /* Base */,
				FDE179A220CFABEB0056EAE0 /* Engine */,
				FDE179A020CFAB4D0056EAE0 /* iOS */,
				FDE179A320CFABF40056EAE0 /* Scenes */,
				FDE179A420CFABFF0056EAE0 /* Script */,
			);
			name = SpiderChase;
			sourceTree = "<group>";
		};
		FDE179A020CFAB4D0056EAE0 /* iOS */ = {
			isa = PBXGroup;
			children = (
				FDE1799B20CFAAF90056EAE0 /* LaunchScreen.storyboard */,
				FDE1799A20CFAAF90056EAE0 /* Main.storyboard */,
				FDE1794E20CF9C830056EAE0 /* AppDelegate.h */,
				FDE1794F20CF9C830056EAE0 /* AppDelegate.mm */,
				FDE1795120CF9C830056EAE0 /* ViewController.hpp */,
				FDE1795220CF9C830056EAE0 /* ViewController.mm */,
				FDE1795720CF9C850056EAE0 /* Assets.xcassets */,
				FDE1795C20CF9C850056EAE0 /* Info.plist */,
				FDE1795D20CF9C850056EAE0 /* main.m */,
				FDE1797520CFA4130056EAE0 /* OpenGLView.hpp */,
				FDE1797620CFA4130056EAE0 /* OpenGLView.mm */,
				FD72922820D25C1900E0253F /* Platform.hpp */,
				FD72922920D25C1900E0253F /* Platform.mm */,
			);
			path = iOS;
			sourceTree = "<group>";
		};
		FDE179A120CFABE40056EAE0 /* Base */ = {
			isa = PBXGroup;
			children = (
				FD72920620D2501400E0253F /* pakiostream.cpp */,
				FD72920520D2501300E0253F /* pakiostream.hpp */,
				FD72920720D2501400E0253F /* pakiosystem.cpp */,
				FD72920820D2501400E0253F /* pakiosystem.hpp */,
				FDE17A1120D147D20056EAE0 /* pak.cpp */,
				FDE17A1020D147D20056EAE0 /* pak.hpp */,
				FDE17A0D20D146B90056EAE0 /* stdafx.cpp */,
				FDE17A0E20D146B90056EAE0 /* stdafx.h */,
			);
			path = Base;
			sourceTree = "<group>";
		};
		FDE179A220CFABEB0056EAE0 /* Engine */ = {
			isa = PBXGroup;
			children = (
				FD72922320D2591200E0253F /* input.cpp */,
				FD72922420D2591200E0253F /* input.hpp */,
				FD72920D20D253CE00E0253F /* firstpersoncamera.cpp */,
				FD72921220D253CE00E0253F /* firstpersoncamera.hpp */,
				FD72921420D253CF00E0253F /* flagsenum.hpp */,
				FD72920F20D253CE00E0253F /* material.cpp */,
				FD72921020D253CE00E0253F /* material.hpp */,
				FD72921520D253CF00E0253F /* mesh.cpp */,
				FD72920E20D253CE00E0253F /* mesh.hpp */,
				FD72921320D253CE00E0253F /* texture.cpp */,
				FD72921120D253CE00E0253F /* texture.hpp */,
			);
			path = Engine;
			sourceTree = "<group>";
		};
		FDE179A320CFABF40056EAE0 /* Scenes */ = {
			isa = PBXGroup;
			children = (
				FDE179A520CFAC290056EAE0 /* Start */,
			);
			path = Scenes;
			sourceTree = "<group>";
		};
		FDE179A420CFABFF0056EAE0 /* Script */ = {
			isa = PBXGroup;
			children = (
				FD72922020D2562200E0253F /* game.cpp */,
				FD72921E20D2562200E0253F /* game.hpp */,
				FD72921F20D2562200E0253F /* scene.cpp */,
				FD72921D20D2562100E0253F /* scene.hpp */,
			);
			path = Script;
			sourceTree = "<group>";
		};
		FDE179A520CFAC290056EAE0 /* Start */ = {
			isa = PBXGroup;
			children = (
				FD72923820D2727100E0253F /* start.paklist */,
				FD72923020D2668600E0253F /* start.frag */,
				FD72923220D2668700E0253F /* start.program */,
				FD72923120D2668700E0253F /* start.vert */,
				FD72922B20D2650500E0253F /* StartScene.cpp */,
				FD72922C20D2650500E0253F /* StartScene.hpp */,
			);
			path = Start;
			sourceTree = "<group>";
		};
/* End PBXGroup section */

/* Begin PBXNativeTarget section */
		FDE1794A20CF9C830056EAE0 /* SpiderChase */ = {
			isa = PBXNativeTarget;
			buildConfigurationList = FDE1796120CF9C850056EAE0 /* Build configuration list for PBXNativeTarget "SpiderChase" */;
			buildPhases = (
				29B41535A28CAF354C90F72E /* [CP] Check Pods Manifest.lock */,
				FD72923620D269CC00E0253F /* ShellScript */,
				FDE1794720CF9C830056EAE0 /* Sources */,
				FDE1794820CF9C830056EAE0 /* Frameworks */,
				FDE1794920CF9C830056EAE0 /* Resources */,
			);
			buildRules = (
			);
			dependencies = (
			);
			name = SpiderChase;
			productName = SpiderChase;
			productReference = FDE1794B20CF9C830056EAE0 /* SpiderChase.app */;
			productType = "com.apple.product-type.application";
		};
/* End PBXNativeTarget section */

/* Begin PBXProject section */
		FDE1794320CF9C830056EAE0 /* Project object */ = {
			isa = PBXProject;
			attributes = {
				LastUpgradeCheck = 0930;
				ORGANIZATIONNAME = "Immortal Games";
				TargetAttributes = {
					FDE1794A20CF9C830056EAE0 = {
						CreatedOnToolsVersion = 9.3;
					};
				};
			};
			buildConfigurationList = FDE1794620CF9C830056EAE0 /* Build configuration list for PBXProject "SpiderChase" */;
			compatibilityVersion = "Xcode 9.3";
			developmentRegion = en;
			hasScannedForEncodings = 0;
			knownRegions = (
				en,
				Base,
			);
			mainGroup = FDE1794220CF9C830056EAE0;
			productRefGroup = FDE1794C20CF9C830056EAE0 /* Products */;
			projectDirPath = "";
			projectRoot = "";
			targets = (
				FDE1794A20CF9C830056EAE0 /* SpiderChase */,
			);
		};
/* End PBXProject section */

/* Begin PBXResourcesBuildPhase section */
		FDE1794920CF9C830056EAE0 /* Resources */ = {
			isa = PBXResourcesBuildPhase;
			buildActionMask = 2147483647;
			files = (
				FDE1799D20CFAAF90056EAE0 /* LaunchScreen.storyboard in Resources */,
				FDE1795820CF9C850056EAE0 /* Assets.xcassets in Resources */,
				FDE1799C20CFAAF90056EAE0 /* Main.storyboard in Resources */,
			);
			runOnlyForDeploymentPostprocessing = 0;
		};
/* End PBXResourcesBuildPhase section */

/* Begin PBXShellScriptBuildPhase section */
		29B41535A28CAF354C90F72E /* [CP] Check Pods Manifest.lock */ = {
			isa = PBXShellScriptBuildPhase;
			buildActionMask = 2147483647;
			files = (
			);
			inputPaths = (
				"${PODS_PODFILE_DIR_PATH}/Podfile.lock",
				"${PODS_ROOT}/Manifest.lock",
			);
			name = "[CP] Check Pods Manifest.lock";
			outputPaths = (
				"$(DERIVED_FILE_DIR)/Pods-SpiderChase-checkManifestLockResult.txt",
			);
			runOnlyForDeploymentPostprocessing = 0;
			shellPath = /bin/sh;
			shellScript = "diff \"${PODS_PODFILE_DIR_PATH}/Podfile.lock\" \"${PODS_ROOT}/Manifest.lock\" > /dev/null\nif [ $? != 0 ] ; then\n    # print error to STDERR\n    echo \"error: The sandbox is not in sync with the Podfile.lock. Run 'pod install' or update your CocoaPods installation.\" >&2\n    exit 1\nfi\n# This output is used by Xcode 'outputs' to avoid re-running this script phase.\necho \"SUCCESS\" > \"${SCRIPT_OUTPUT_FILE_0}\"\n";
			showEnvVarsInLog = 0;
		};
		FD72923620D269CC00E0253F /* ShellScript */ = {
			isa = PBXShellScriptBuildPhase;
			buildActionMask = 2147483647;
			files = (
			);
			inputPaths = (
			);
			outputPaths = (
			);
			runOnlyForDeploymentPostprocessing = 0;
			shellPath = /bin/sh;
			shellScript = "for i in $(find ${PROJECT_DIR} -name \"*.paklist\"); do # Not recommended, will break on whitespace\n    filename=$(basename \"$i\")\n    filepath=$(dirname \"$i\")\n    filename=\"${filename%.*}\"\n    pakname=\"$filename.pak\"\n    pakpath=\"${TEMP_DIR}/$pakname\"\n    echo \"$filename\" \"$pakname\" \"$filepath\" \"$pakpath\"\n    ${PROJECT_DIR}/../tools/pakmaker pack ${pakpath} \"$i\"\n    cp \"$pakpath\" \"${BUILT_PRODUCTS_DIR}/${UNLOCALIZED_RESOURCES_FOLDER_PATH}/$pakname\"\ndone";
			showEnvVarsInLog = 0;
		};
/* End PBXShellScriptBuildPhase section */

/* Begin PBXSourcesBuildPhase section */
		FDE1794720CF9C830056EAE0 /* Sources */ = {
			isa = PBXSourcesBuildPhase;
			buildActionMask = 2147483647;
			files = (
				FDE17A1220D147D20056EAE0 /* pak.cpp in Sources */,
				FD72920A20D2501400E0253F /* pakiosystem.cpp in Sources */,
				FD72922520D2591300E0253F /* input.cpp in Sources */,
				FD72921920D253CF00E0253F /* mesh.cpp in Sources */,
				FDE1795320CF9C830056EAE0 /* ViewController.mm in Sources */,
				FDE1795E20CF9C850056EAE0 /* main.m in Sources */,
				FD72921720D253CF00E0253F /* material.cpp in Sources */,
				FD72920920D2501400E0253F /* pakiostream.cpp in Sources */,
				FD72922D20D2650500E0253F /* StartScene.cpp in Sources */,
				FD72922120D2562200E0253F /* scene.cpp in Sources */,
				FD72921620D253CF00E0253F /* firstpersoncamera.cpp in Sources */,
				FD72922220D2562200E0253F /* game.cpp in Sources */,
				FDE1795020CF9C830056EAE0 /* AppDelegate.mm in Sources */,
				FDE1797720CFA4130056EAE0 /* OpenGLView.mm in Sources */,
				FDE17A0F20D146B90056EAE0 /* stdafx.cpp in Sources */,
				FD72922A20D25C1900E0253F /* Platform.mm in Sources */,
				FD72921820D253CF00E0253F /* texture.cpp in Sources */,
			);
			runOnlyForDeploymentPostprocessing = 0;
		};
/* End PBXSourcesBuildPhase section */

/* Begin XCBuildConfiguration section */
		FDE1795F20CF9C850056EAE0 /* Debug */ = {
			isa = XCBuildConfiguration;
			buildSettings = {
				ALWAYS_SEARCH_USER_PATHS = NO;
				CLANG_ANALYZER_NONNULL = YES;
				CLANG_ANALYZER_NUMBER_OBJECT_CONVERSION = YES_AGGRESSIVE;
				CLANG_CXX_LANGUAGE_STANDARD = "gnu++14";
				CLANG_CXX_LIBRARY = "libc++";
				CLANG_ENABLE_MODULES = YES;
				CLANG_ENABLE_OBJC_ARC = YES;
				CLANG_ENABLE_OBJC_WEAK = YES;
				CLANG_WARN_BLOCK_CAPTURE_AUTORELEASING = YES;
				CLANG_WARN_BOOL_CONVERSION = YES;
				CLANG_WARN_COMMA = YES;
				CLANG_WARN_CONSTANT_CONVERSION = YES;
				CLANG_WARN_DEPRECATED_OBJC_IMPLEMENTATIONS = YES;
				CLANG_WARN_DIRECT_OBJC_ISA_USAGE = YES_ERROR;
				CLANG_WARN_EMPTY_BODY = YES;
				CLANG_WARN_ENUM_CONVERSION = YES;
				CLANG_WARN_INFINITE_RECURSION = YES;
				CLANG_WARN_INT_CONVERSION = YES;
				CLANG_WARN_NON_LITERAL_NULL_CONVERSION = YES;
				CLANG_WARN_OBJC_IMPLICIT_RETAIN_SELF = YES;
				CLANG_WARN_OBJC_LITERAL_CONVERSION = YES;
				CLANG_WARN_OBJC_ROOT_CLASS = YES_ERROR;
				CLANG_WARN_RANGE_LOOP_ANALYSIS = YES;
				CLANG_WARN_STRICT_PROTOTYPES = YES;
				CLANG_WARN_SUSPICIOUS_MOVE = YES;
				CLANG_WARN_UNGUARDED_AVAILABILITY = YES_AGGRESSIVE;
				CLANG_WARN_UNREACHABLE_CODE = YES;
				CLANG_WARN__DUPLICATE_METHOD_MATCH = YES;
				CODE_SIGN_IDENTITY = "iPhone Developer";
				COPY_PHASE_STRIP = NO;
				DEBUG_INFORMATION_FORMAT = dwarf;
				ENABLE_STRICT_OBJC_MSGSEND = YES;
				ENABLE_TESTABILITY = YES;
				GCC_C_LANGUAGE_STANDARD = gnu11;
				GCC_DYNAMIC_NO_PIC = NO;
				GCC_NO_COMMON_BLOCKS = YES;
				GCC_OPTIMIZATION_LEVEL = 0;
				GCC_PREPROCESSOR_DEFINITIONS = (
					"DEBUG=1",
					"$(inherited)",
				);
				GCC_WARN_64_TO_32_BIT_CONVERSION = YES;
				GCC_WARN_ABOUT_RETURN_TYPE = YES_ERROR;
				GCC_WARN_UNDECLARED_SELECTOR = YES;
				GCC_WARN_UNINITIALIZED_AUTOS = YES_AGGRESSIVE;
				GCC_WARN_UNUSED_FUNCTION = YES;
				GCC_WARN_UNUSED_VARIABLE = YES;
				HEADER_SEARCH_PATHS = (
					"$(PROJECT_DIR)/../Assimp/iOS/Include",
					"$(PROJECT_DIR)/../SDK/External",
					"$(PROJECT_DIR)/../SDK/Builds/Include",
				);
				IPHONEOS_DEPLOYMENT_TARGET = 11.3;
				LIBRARY_SEARCH_PATHS = (
					"$(PROJECT_DIR)/../SDK/Boost/arm64",
					"$(PROJECT_DIR)/../Assimp/iOS/lib",
				);
				MTL_ENABLE_DEBUG_INFO = YES;
				ONLY_ACTIVE_ARCH = YES;
				SDKROOT = iphoneos;
			};
			name = Debug;
		};
		FDE1796020CF9C850056EAE0 /* Release */ = {
			isa = XCBuildConfiguration;
			buildSettings = {
				ALWAYS_SEARCH_USER_PATHS = NO;
				CLANG_ANALYZER_NONNULL = YES;
				CLANG_ANALYZER_NUMBER_OBJECT_CONVERSION = YES_AGGRESSIVE;
				CLANG_CXX_LANGUAGE_STANDARD = "gnu++14";
				CLANG_CXX_LIBRARY = "libc++";
				CLANG_ENABLE_MODULES = YES;
				CLANG_ENABLE_OBJC_ARC = YES;
				CLANG_ENABLE_OBJC_WEAK = YES;
				CLANG_WARN_BLOCK_CAPTURE_AUTORELEASING = YES;
				CLANG_WARN_BOOL_CONVERSION = YES;
				CLANG_WARN_COMMA = YES;
				CLANG_WARN_CONSTANT_CONVERSION = YES;
				CLANG_WARN_DEPRECATED_OBJC_IMPLEMENTATIONS = YES;
				CLANG_WARN_DIRECT_OBJC_ISA_USAGE = YES_ERROR;
				CLANG_WARN_EMPTY_BODY = YES;
				CLANG_WARN_ENUM_CONVERSION = YES;
				CLANG_WARN_INFINITE_RECURSION = YES;
				CLANG_WARN_INT_CONVERSION = YES;
				CLANG_WARN_NON_LITERAL_NULL_CONVERSION = YES;
				CLANG_WARN_OBJC_IMPLICIT_RETAIN_SELF = YES;
				CLANG_WARN_OBJC_LITERAL_CONVERSION = YES;
				CLANG_WARN_OBJC_ROOT_CLASS = YES_ERROR;
				CLANG_WARN_RANGE_LOOP_ANALYSIS = YES;
				CLANG_WARN_STRICT_PROTOTYPES = YES;
				CLANG_WARN_SUSPICIOUS_MOVE = YES;
				CLANG_WARN_UNGUARDED_AVAILABILITY = YES_AGGRESSIVE;
				CLANG_WARN_UNREACHABLE_CODE = YES;
				CLANG_WARN__DUPLICATE_METHOD_MATCH = YES;
				CODE_SIGN_IDENTITY = "iPhone Developer";
				COPY_PHASE_STRIP = NO;
				DEBUG_INFORMATION_FORMAT = "dwarf-with-dsym";
				ENABLE_NS_ASSERTIONS = NO;
				ENABLE_STRICT_OBJC_MSGSEND = YES;
				GCC_C_LANGUAGE_STANDARD = gnu11;
				GCC_NO_COMMON_BLOCKS = YES;
				GCC_WARN_64_TO_32_BIT_CONVERSION = YES;
				GCC_WARN_ABOUT_RETURN_TYPE = YES_ERROR;
				GCC_WARN_UNDECLARED_SELECTOR = YES;
				GCC_WARN_UNINITIALIZED_AUTOS = YES_AGGRESSIVE;
				GCC_WARN_UNUSED_FUNCTION = YES;
				GCC_WARN_UNUSED_VARIABLE = YES;
				HEADER_SEARCH_PATHS = (
					"$(PROJECT_DIR)/../Assimp/iOS/Include",
					"$(PROJECT_DIR)/../SDK/External",
					"$(PROJECT_DIR)/../SDK/Builds/Include",
				);
				IPHONEOS_DEPLOYMENT_TARGET = 11.3;
				LIBRARY_SEARCH_PATHS = (
					"$(PROJECT_DIR)/../SDK/Boost/arm64",
					"$(PROJECT_DIR)/../Assimp/iOS/lib",
				);
				MTL_ENABLE_DEBUG_INFO = NO;
				SDKROOT = iphoneos;
				VALIDATE_PRODUCT = YES;
			};
			name = Release;
		};
		FDE1796220CF9C850056EAE0 /* Debug */ = {
			isa = XCBuildConfiguration;
			baseConfigurationReference = FF1449866298AE0BD6142696 /* Pods-SpiderChase.debug.xcconfig */;
			buildSettings = {
				ASSETCATALOG_COMPILER_APPICON_NAME = AppIcon;
				CODE_SIGN_STYLE = Automatic;
				DEVELOPMENT_TEAM = H772F9T3GZ;
				INFOPLIST_FILE = "$(SRCROOT)/iOS/Info.plist";
				LD_RUNPATH_SEARCH_PATHS = (
					"$(inherited)",
					"@executable_path/Frameworks",
				);
				PRODUCT_BUNDLE_IDENTIFIER = com.immortalgames.SpiderChase;
				PRODUCT_NAME = "$(TARGET_NAME)";
				TARGETED_DEVICE_FAMILY = "1,2";
			};
			name = Debug;
		};
		FDE1796320CF9C850056EAE0 /* Release */ = {
			isa = XCBuildConfiguration;
			baseConfigurationReference = 7D9CFA7A7D6DE403370B1FFF /* Pods-SpiderChase.release.xcconfig */;
			buildSettings = {
				ASSETCATALOG_COMPILER_APPICON_NAME = AppIcon;
				CODE_SIGN_STYLE = Automatic;
				DEVELOPMENT_TEAM = H772F9T3GZ;
				INFOPLIST_FILE = "$(SRCROOT)/iOS/Info.plist";
				LD_RUNPATH_SEARCH_PATHS = (
					"$(inherited)",
					"@executable_path/Frameworks",
				);
				PRODUCT_BUNDLE_IDENTIFIER = com.immortalgames.SpiderChase;
				PRODUCT_NAME = "$(TARGET_NAME)";
				TARGETED_DEVICE_FAMILY = "1,2";
			};
			name = Release;
		};
/* End XCBuildConfiguration section */

/* Begin XCConfigurationList section */
		FDE1794620CF9C830056EAE0 /* Build configuration list for PBXProject "SpiderChase" */ = {
			isa = XCConfigurationList;
			buildConfigurations = (
				FDE1795F20CF9C850056EAE0 /* Debug */,
				FDE1796020CF9C850056EAE0 /* Release */,
			);
			defaultConfigurationIsVisible = 0;
			defaultConfigurationName = Release;
		};
		FDE1796120CF9C850056EAE0 /* Build configuration list for PBXNativeTarget "SpiderChase" */ = {
			isa = XCConfigurationList;
			buildConfigurations = (
				FDE1796220CF9C850056EAE0 /* Debug */,
				FDE1796320CF9C850056EAE0 /* Release */,
			);
			defaultConfigurationIsVisible = 0;
			defaultConfigurationName = Release;
		};
/* End XCConfigurationList section */
	};
	rootObject = FDE1794320CF9C830056EAE0 /* Project object */;
}
